PODS:
  - OnlinePaymentsSDK (2.0.1)
  - SVProgressHUD (2.2.5)

DEPENDENCIES:
  - OnlinePaymentsSDK
  - SVProgressHUD

SPEC REPOS:
  trunk:
    - SVProgressHUD

SPEC CHECKSUMS:
  OnlinePaymentsSDK: 121a72073e6a2e2248701628549a91609c1f0f77
  SVProgressHUD: 1428aafac632c1f86f62aa4243ec12008d7a51d6

PODFILE CHECKSUM: a9d6460807218e53ec39d7d37d9cc50150a827cb

COCOAPODS: 1.11.3
